
Microsoft Visual Studio Solution File, Format Version 11.00
# Visual Studio 2010
Project("{FAE04EC0-301F-11D3-BF4B-00C04F79EFBC}") = "Tanuki Project", "Assembly-CSharp.csproj", "{96AD6210-D5E8-9E0E-D30F-FA5FFDF2709F}"
EndProject
Project("{FAE04EC0-301F-11D3-BF4B-00C04F79EFBC}") = "Tanuki Project", "Assembly-CSharp-Editor.csproj", "{DCC5F13B-FCC8-C6FB-E9F3-2CFD67567BED}"
EndProject
Global
	GlobalSection(SolutionConfigurationPlatforms) = preSolution
		Debug|Any CPU = Debug|Any CPU
		Release|Any CPU = Release|Any CPU
	EndGlobalSection
	GlobalSection(ProjectConfigurationPlatforms) = postSolution
		{96AD6210-D5E8-9E0E-D30F-FA5FFDF2709F}.Debug|Any CPU.ActiveCfg = Debug|Any CPU
		{96AD6210-D5E8-9E0E-D30F-FA5FFDF2709F}.Debug|Any CPU.Build.0 = Debug|Any CPU
		{96AD6210-D5E8-9E0E-D30F-FA5FFDF2709F}.Release|Any CPU.ActiveCfg = Release|Any CPU
		{96AD6210-D5E8-9E0E-D30F-FA5FFDF2709F}.Release|Any CPU.Build.0 = Release|Any CPU
		{DCC5F13B-FCC8-C6FB-E9F3-2CFD67567BED}.Debug|Any CPU.ActiveCfg = Debug|Any CPU
		{DCC5F13B-FCC8-C6FB-E9F3-2CFD67567BED}.Debug|Any CPU.Build.0 = Debug|Any CPU
		{DCC5F13B-FCC8-C6FB-E9F3-2CFD67567BED}.Release|Any CPU.ActiveCfg = Release|Any CPU
		{DCC5F13B-FCC8-C6FB-E9F3-2CFD67567BED}.Release|Any CPU.Build.0 = Release|Any CPU
	EndGlobalSection
	GlobalSection(SolutionProperties) = preSolution
		HideSolutionNode = FALSE
	EndGlobalSection
	GlobalSection(MonoDevelopProperties) = preSolution
		StartupItem = Assembly-CSharp.csproj
	EndGlobalSection
EndGlobal
