
Microsoft Visual Studio Solution File, Format Version 12.00
# Visual Studio 2017
Project("{FAE04EC0-301F-11D3-BF4B-00C04F79EFBC}") = "TanukiProject", "TanukiProject.csproj", "{6B169FC2-8D5C-1E54-36A6-AA292BA0E94D}"
EndProject
Project("{FAE04EC0-301F-11D3-BF4B-00C04F79EFBC}") = "TanukiProject.Editor", "TanukiProject.Editor.csproj", "{7ABE1963-94B5-DF12-2E9F-6F8821BCF1E7}"
EndProject
Global
	GlobalSection(SolutionConfigurationPlatforms) = preSolution
		Debug|Any CPU = Debug|Any CPU
		Release|Any CPU = Release|Any CPU
	EndGlobalSection
	GlobalSection(ProjectConfigurationPlatforms) = postSolution
		{6B169FC2-8D5C-1E54-36A6-AA292BA0E94D}.Debug|Any CPU.ActiveCfg = Debug|Any CPU
		{6B169FC2-8D5C-1E54-36A6-AA292BA0E94D}.Debug|Any CPU.Build.0 = Debug|Any CPU
		{6B169FC2-8D5C-1E54-36A6-AA292BA0E94D}.Release|Any CPU.ActiveCfg = Release|Any CPU
		{6B169FC2-8D5C-1E54-36A6-AA292BA0E94D}.Release|Any CPU.Build.0 = Release|Any CPU
		{7ABE1963-94B5-DF12-2E9F-6F8821BCF1E7}.Debug|Any CPU.ActiveCfg = Debug|Any CPU
		{7ABE1963-94B5-DF12-2E9F-6F8821BCF1E7}.Debug|Any CPU.Build.0 = Debug|Any CPU
		{7ABE1963-94B5-DF12-2E9F-6F8821BCF1E7}.Release|Any CPU.ActiveCfg = Release|Any CPU
		{7ABE1963-94B5-DF12-2E9F-6F8821BCF1E7}.Release|Any CPU.Build.0 = Release|Any CPU
	EndGlobalSection
	GlobalSection(SolutionProperties) = preSolution
		HideSolutionNode = FALSE
	EndGlobalSection
EndGlobal
